
Microsoft Visual Studio Solution File, Format Version 12.00
# Visual Studio Version 16
VisualStudioVersion = 16.0.31105.61
MinimumVisualStudioVersion = 10.0.40219.1
Project("{FAE04EC0-301F-11D3-BF4B-00C04F79EFBC}") = "SkipboLogic", "SkipboLogic.csproj", "{BE612DCD-7B7B-41C5-AD94-527D2330541F}"
EndProject
Project("{FAE04EC0-301F-11D3-BF4B-00C04F79EFBC}") = "SLUnitTest", "..\SLUnitTest\SLUnitTest.csproj", "{8A67AC1D-8720-4DD0-9DD1-2789D96ED195}"
EndProject
Project("{FAE04EC0-301F-11D3-BF4B-00C04F79EFBC}") = "SkipboCommands", "..\SkipboCommands\SkipboCommands.csproj", "{A14780F3-7603-4808-BAF3-1B7D5C872D9B}"
EndProject
Project("{FAE04EC0-301F-11D3-BF4B-00C04F79EFBC}") = "SkipboGame", "..\SkipboGame\SkipboGame.csproj", "{ECA3BC02-0438-4A05-8AD8-655F10014FE8}"
EndProject
Project("{FAE04EC0-301F-11D3-BF4B-00C04F79EFBC}") = "SkipboServer", "..\SkipboServer\SkipboServer.csproj", "{A3FE2C60-2EAB-45C0-9500-40F2A05876DE}"
EndProject
Project("{FAE04EC0-301F-11D3-BF4B-00C04F79EFBC}") = "SkipboServerCommands", "..\SkipboServerCommands\SkipboServerCommands.csproj", "{B22D381A-7156-4AC1-AF7B-701653B9F2E8}"
EndProject
Project("{FAE04EC0-301F-11D3-BF4B-00C04F79EFBC}") = "ServerStartup", "..\ServerStartup\ServerStartup.csproj", "{9EA312AB-0639-4310-B960-14BC433C3944}"
EndProject
Project("{C7167F0D-BC9F-4E6E-AFE1-012C56B48DB5}") = "SkipboGameInstaller", "..\SkipboGameInstaller\SkipboGameInstaller.wapproj", "{92297D97-4831-4B0E-ADB7-A40FAB4D595C}"
EndProject
Project("{C7167F0D-BC9F-4E6E-AFE1-012C56B48DB5}") = "SkipboServerInstaller", "..\SkipboServerInstaller\SkipboServerInstaller.wapproj", "{7F35273B-2F74-4870-B401-153B141C9EA6}"
EndProject
Global
	GlobalSection(SolutionConfigurationPlatforms) = preSolution
		Debug|Any CPU = Debug|Any CPU
		Debug|ARM = Debug|ARM
		Debug|ARM64 = Debug|ARM64
		Debug|x64 = Debug|x64
		Debug|x86 = Debug|x86
		Release|Any CPU = Release|Any CPU
		Release|ARM = Release|ARM
		Release|ARM64 = Release|ARM64
		Release|x64 = Release|x64
		Release|x86 = Release|x86
	EndGlobalSection
	GlobalSection(ProjectConfigurationPlatforms) = postSolution
		{BE612DCD-7B7B-41C5-AD94-527D2330541F}.Debug|Any CPU.ActiveCfg = Debug|Any CPU
		{BE612DCD-7B7B-41C5-AD94-527D2330541F}.Debug|Any CPU.Build.0 = Debug|Any CPU
		{BE612DCD-7B7B-41C5-AD94-527D2330541F}.Debug|ARM.ActiveCfg = Debug|Any CPU
		{BE612DCD-7B7B-41C5-AD94-527D2330541F}.Debug|ARM.Build.0 = Debug|Any CPU
		{BE612DCD-7B7B-41C5-AD94-527D2330541F}.Debug|ARM64.ActiveCfg = Debug|Any CPU
		{BE612DCD-7B7B-41C5-AD94-527D2330541F}.Debug|ARM64.Build.0 = Debug|Any CPU
		{BE612DCD-7B7B-41C5-AD94-527D2330541F}.Debug|x64.ActiveCfg = Debug|Any CPU
		{BE612DCD-7B7B-41C5-AD94-527D2330541F}.Debug|x64.Build.0 = Debug|Any CPU
		{BE612DCD-7B7B-41C5-AD94-527D2330541F}.Debug|x86.ActiveCfg = Debug|Any CPU
		{BE612DCD-7B7B-41C5-AD94-527D2330541F}.Debug|x86.Build.0 = Debug|Any CPU
		{BE612DCD-7B7B-41C5-AD94-527D2330541F}.Release|Any CPU.ActiveCfg = Release|Any CPU
		{BE612DCD-7B7B-41C5-AD94-527D2330541F}.Release|Any CPU.Build.0 = Release|Any CPU
		{BE612DCD-7B7B-41C5-AD94-527D2330541F}.Release|ARM.ActiveCfg = Release|Any CPU
		{BE612DCD-7B7B-41C5-AD94-527D2330541F}.Release|ARM.Build.0 = Release|Any CPU
		{BE612DCD-7B7B-41C5-AD94-527D2330541F}.Release|ARM64.ActiveCfg = Release|Any CPU
		{BE612DCD-7B7B-41C5-AD94-527D2330541F}.Release|ARM64.Build.0 = Release|Any CPU
		{BE612DCD-7B7B-41C5-AD94-527D2330541F}.Release|x64.ActiveCfg = Release|x64
		{BE612DCD-7B7B-41C5-AD94-527D2330541F}.Release|x64.Build.0 = Release|x64
		{BE612DCD-7B7B-41C5-AD94-527D2330541F}.Release|x86.ActiveCfg = Release|x86
		{BE612DCD-7B7B-41C5-AD94-527D2330541F}.Release|x86.Build.0 = Release|x86
		{8A67AC1D-8720-4DD0-9DD1-2789D96ED195}.Debug|Any CPU.ActiveCfg = Debug|Any CPU
		{8A67AC1D-8720-4DD0-9DD1-2789D96ED195}.Debug|Any CPU.Build.0 = Debug|Any CPU
		{8A67AC1D-8720-4DD0-9DD1-2789D96ED195}.Debug|ARM.ActiveCfg = Debug|Any CPU
		{8A67AC1D-8720-4DD0-9DD1-2789D96ED195}.Debug|ARM.Build.0 = Debug|Any CPU
		{8A67AC1D-8720-4DD0-9DD1-2789D96ED195}.Debug|ARM64.ActiveCfg = Debug|Any CPU
		{8A67AC1D-8720-4DD0-9DD1-2789D96ED195}.Debug|ARM64.Build.0 = Debug|Any CPU
		{8A67AC1D-8720-4DD0-9DD1-2789D96ED195}.Debug|x64.ActiveCfg = Debug|Any CPU
		{8A67AC1D-8720-4DD0-9DD1-2789D96ED195}.Debug|x64.Build.0 = Debug|Any CPU
		{8A67AC1D-8720-4DD0-9DD1-2789D96ED195}.Debug|x86.ActiveCfg = Debug|Any CPU
		{8A67AC1D-8720-4DD0-9DD1-2789D96ED195}.Debug|x86.Build.0 = Debug|Any CPU
		{8A67AC1D-8720-4DD0-9DD1-2789D96ED195}.Release|Any CPU.ActiveCfg = Release|Any CPU
		{8A67AC1D-8720-4DD0-9DD1-2789D96ED195}.Release|Any CPU.Build.0 = Release|Any CPU
		{8A67AC1D-8720-4DD0-9DD1-2789D96ED195}.Release|ARM.ActiveCfg = Release|Any CPU
		{8A67AC1D-8720-4DD0-9DD1-2789D96ED195}.Release|ARM.Build.0 = Release|Any CPU
		{8A67AC1D-8720-4DD0-9DD1-2789D96ED195}.Release|ARM64.ActiveCfg = Release|Any CPU
		{8A67AC1D-8720-4DD0-9DD1-2789D96ED195}.Release|ARM64.Build.0 = Release|Any CPU
		{8A67AC1D-8720-4DD0-9DD1-2789D96ED195}.Release|x64.ActiveCfg = Release|x64
		{8A67AC1D-8720-4DD0-9DD1-2789D96ED195}.Release|x64.Build.0 = Release|x64
		{8A67AC1D-8720-4DD0-9DD1-2789D96ED195}.Release|x86.ActiveCfg = Release|x86
		{8A67AC1D-8720-4DD0-9DD1-2789D96ED195}.Release|x86.Build.0 = Release|x86
		{A14780F3-7603-4808-BAF3-1B7D5C872D9B}.Debug|Any CPU.ActiveCfg = Debug|Any CPU
		{A14780F3-7603-4808-BAF3-1B7D5C872D9B}.Debug|Any CPU.Build.0 = Debug|Any CPU
		{A14780F3-7603-4808-BAF3-1B7D5C872D9B}.Debug|ARM.ActiveCfg = Debug|Any CPU
		{A14780F3-7603-4808-BAF3-1B7D5C872D9B}.Debug|ARM.Build.0 = Debug|Any CPU
		{A14780F3-7603-4808-BAF3-1B7D5C872D9B}.Debug|ARM64.ActiveCfg = Debug|Any CPU
		{A14780F3-7603-4808-BAF3-1B7D5C872D9B}.Debug|ARM64.Build.0 = Debug|Any CPU
		{A14780F3-7603-4808-BAF3-1B7D5C872D9B}.Debug|x64.ActiveCfg = Debug|Any CPU
		{A14780F3-7603-4808-BAF3-1B7D5C872D9B}.Debug|x64.Build.0 = Debug|Any CPU
		{A14780F3-7603-4808-BAF3-1B7D5C872D9B}.Debug|x86.ActiveCfg = Debug|Any CPU
		{A14780F3-7603-4808-BAF3-1B7D5C872D9B}.Debug|x86.Build.0 = Debug|Any CPU
		{A14780F3-7603-4808-BAF3-1B7D5C872D9B}.Release|Any CPU.ActiveCfg = Release|Any CPU
		{A14780F3-7603-4808-BAF3-1B7D5C872D9B}.Release|Any CPU.Build.0 = Release|Any CPU
		{A14780F3-7603-4808-BAF3-1B7D5C872D9B}.Release|ARM.ActiveCfg = Release|Any CPU
		{A14780F3-7603-4808-BAF3-1B7D5C872D9B}.Release|ARM.Build.0 = Release|Any CPU
		{A14780F3-7603-4808-BAF3-1B7D5C872D9B}.Release|ARM64.ActiveCfg = Release|Any CPU
		{A14780F3-7603-4808-BAF3-1B7D5C872D9B}.Release|ARM64.Build.0 = Release|Any CPU
		{A14780F3-7603-4808-BAF3-1B7D5C872D9B}.Release|x64.ActiveCfg = Release|x64
		{A14780F3-7603-4808-BAF3-1B7D5C872D9B}.Release|x64.Build.0 = Release|x64
		{A14780F3-7603-4808-BAF3-1B7D5C872D9B}.Release|x86.ActiveCfg = Release|x86
		{A14780F3-7603-4808-BAF3-1B7D5C872D9B}.Release|x86.Build.0 = Release|x86
		{ECA3BC02-0438-4A05-8AD8-655F10014FE8}.Debug|Any CPU.ActiveCfg = Debug|Any CPU
		{ECA3BC02-0438-4A05-8AD8-655F10014FE8}.Debug|Any CPU.Build.0 = Debug|Any CPU
		{ECA3BC02-0438-4A05-8AD8-655F10014FE8}.Debug|ARM.ActiveCfg = Debug|Any CPU
		{ECA3BC02-0438-4A05-8AD8-655F10014FE8}.Debug|ARM.Build.0 = Debug|Any CPU
		{ECA3BC02-0438-4A05-8AD8-655F10014FE8}.Debug|ARM64.ActiveCfg = Debug|Any CPU
		{ECA3BC02-0438-4A05-8AD8-655F10014FE8}.Debug|ARM64.Build.0 = Debug|Any CPU
		{ECA3BC02-0438-4A05-8AD8-655F10014FE8}.Debug|x64.ActiveCfg = Debug|Any CPU
		{ECA3BC02-0438-4A05-8AD8-655F10014FE8}.Debug|x64.Build.0 = Debug|Any CPU
		{ECA3BC02-0438-4A05-8AD8-655F10014FE8}.Debug|x86.ActiveCfg = Debug|Any CPU
		{ECA3BC02-0438-4A05-8AD8-655F10014FE8}.Debug|x86.Build.0 = Debug|Any CPU
		{ECA3BC02-0438-4A05-8AD8-655F10014FE8}.Release|Any CPU.ActiveCfg = Release|Any CPU
		{ECA3BC02-0438-4A05-8AD8-655F10014FE8}.Release|Any CPU.Build.0 = Release|Any CPU
		{ECA3BC02-0438-4A05-8AD8-655F10014FE8}.Release|ARM.ActiveCfg = Release|Any CPU
		{ECA3BC02-0438-4A05-8AD8-655F10014FE8}.Release|ARM.Build.0 = Release|Any CPU
		{ECA3BC02-0438-4A05-8AD8-655F10014FE8}.Release|ARM64.ActiveCfg = Release|Any CPU
		{ECA3BC02-0438-4A05-8AD8-655F10014FE8}.Release|ARM64.Build.0 = Release|Any CPU
		{ECA3BC02-0438-4A05-8AD8-655F10014FE8}.Release|x64.ActiveCfg = Release|x64
		{ECA3BC02-0438-4A05-8AD8-655F10014FE8}.Release|x64.Build.0 = Release|x64
		{ECA3BC02-0438-4A05-8AD8-655F10014FE8}.Release|x86.ActiveCfg = Release|x86
		{ECA3BC02-0438-4A05-8AD8-655F10014FE8}.Release|x86.Build.0 = Release|x86
		{A3FE2C60-2EAB-45C0-9500-40F2A05876DE}.Debug|Any CPU.ActiveCfg = Debug|Any CPU
		{A3FE2C60-2EAB-45C0-9500-40F2A05876DE}.Debug|Any CPU.Build.0 = Debug|Any CPU
		{A3FE2C60-2EAB-45C0-9500-40F2A05876DE}.Debug|ARM.ActiveCfg = Debug|Any CPU
		{A3FE2C60-2EAB-45C0-9500-40F2A05876DE}.Debug|ARM.Build.0 = Debug|Any CPU
		{A3FE2C60-2EAB-45C0-9500-40F2A05876DE}.Debug|ARM64.ActiveCfg = Debug|Any CPU
		{A3FE2C60-2EAB-45C0-9500-40F2A05876DE}.Debug|ARM64.Build.0 = Debug|Any CPU
		{A3FE2C60-2EAB-45C0-9500-40F2A05876DE}.Debug|x64.ActiveCfg = Debug|Any CPU
		{A3FE2C60-2EAB-45C0-9500-40F2A05876DE}.Debug|x64.Build.0 = Debug|Any CPU
		{A3FE2C60-2EAB-45C0-9500-40F2A05876DE}.Debug|x86.ActiveCfg = Debug|Any CPU
		{A3FE2C60-2EAB-45C0-9500-40F2A05876DE}.Debug|x86.Build.0 = Debug|Any CPU
		{A3FE2C60-2EAB-45C0-9500-40F2A05876DE}.Release|Any CPU.ActiveCfg = Release|Any CPU
		{A3FE2C60-2EAB-45C0-9500-40F2A05876DE}.Release|Any CPU.Build.0 = Release|Any CPU
		{A3FE2C60-2EAB-45C0-9500-40F2A05876DE}.Release|ARM.ActiveCfg = Release|Any CPU
		{A3FE2C60-2EAB-45C0-9500-40F2A05876DE}.Release|ARM.Build.0 = Release|Any CPU
		{A3FE2C60-2EAB-45C0-9500-40F2A05876DE}.Release|ARM64.ActiveCfg = Release|Any CPU
		{A3FE2C60-2EAB-45C0-9500-40F2A05876DE}.Release|ARM64.Build.0 = Release|Any CPU
		{A3FE2C60-2EAB-45C0-9500-40F2A05876DE}.Release|x64.ActiveCfg = Release|x64
		{A3FE2C60-2EAB-45C0-9500-40F2A05876DE}.Release|x64.Build.0 = Release|x64
		{A3FE2C60-2EAB-45C0-9500-40F2A05876DE}.Release|x86.ActiveCfg = Release|x86
		{A3FE2C60-2EAB-45C0-9500-40F2A05876DE}.Release|x86.Build.0 = Release|x86
		{B22D381A-7156-4AC1-AF7B-701653B9F2E8}.Debug|Any CPU.ActiveCfg = Debug|Any CPU
		{B22D381A-7156-4AC1-AF7B-701653B9F2E8}.Debug|Any CPU.Build.0 = Debug|Any CPU
		{B22D381A-7156-4AC1-AF7B-701653B9F2E8}.Debug|ARM.ActiveCfg = Debug|Any CPU
		{B22D381A-7156-4AC1-AF7B-701653B9F2E8}.Debug|ARM.Build.0 = Debug|Any CPU
		{B22D381A-7156-4AC1-AF7B-701653B9F2E8}.Debug|ARM64.ActiveCfg = Debug|Any CPU
		{B22D381A-7156-4AC1-AF7B-701653B9F2E8}.Debug|ARM64.Build.0 = Debug|Any CPU
		{B22D381A-7156-4AC1-AF7B-701653B9F2E8}.Debug|x64.ActiveCfg = Debug|Any CPU
		{B22D381A-7156-4AC1-AF7B-701653B9F2E8}.Debug|x64.Build.0 = Debug|Any CPU
		{B22D381A-7156-4AC1-AF7B-701653B9F2E8}.Debug|x86.ActiveCfg = Debug|Any CPU
		{B22D381A-7156-4AC1-AF7B-701653B9F2E8}.Debug|x86.Build.0 = Debug|Any CPU
		{B22D381A-7156-4AC1-AF7B-701653B9F2E8}.Release|Any CPU.ActiveCfg = Release|Any CPU
		{B22D381A-7156-4AC1-AF7B-701653B9F2E8}.Release|Any CPU.Build.0 = Release|Any CPU
		{B22D381A-7156-4AC1-AF7B-701653B9F2E8}.Release|ARM.ActiveCfg = Release|Any CPU
		{B22D381A-7156-4AC1-AF7B-701653B9F2E8}.Release|ARM.Build.0 = Release|Any CPU
		{B22D381A-7156-4AC1-AF7B-701653B9F2E8}.Release|ARM64.ActiveCfg = Release|Any CPU
		{B22D381A-7156-4AC1-AF7B-701653B9F2E8}.Release|ARM64.Build.0 = Release|Any CPU
		{B22D381A-7156-4AC1-AF7B-701653B9F2E8}.Release|x64.ActiveCfg = Release|x64
		{B22D381A-7156-4AC1-AF7B-701653B9F2E8}.Release|x64.Build.0 = Release|x64
		{B22D381A-7156-4AC1-AF7B-701653B9F2E8}.Release|x86.ActiveCfg = Release|x86
		{B22D381A-7156-4AC1-AF7B-701653B9F2E8}.Release|x86.Build.0 = Release|x86
		{9EA312AB-0639-4310-B960-14BC433C3944}.Debug|Any CPU.ActiveCfg = Debug|Any CPU
		{9EA312AB-0639-4310-B960-14BC433C3944}.Debug|Any CPU.Build.0 = Debug|Any CPU
		{9EA312AB-0639-4310-B960-14BC433C3944}.Debug|ARM.ActiveCfg = Debug|Any CPU
		{9EA312AB-0639-4310-B960-14BC433C3944}.Debug|ARM.Build.0 = Debug|Any CPU
		{9EA312AB-0639-4310-B960-14BC433C3944}.Debug|ARM64.ActiveCfg = Debug|Any CPU
		{9EA312AB-0639-4310-B960-14BC433C3944}.Debug|ARM64.Build.0 = Debug|Any CPU
		{9EA312AB-0639-4310-B960-14BC433C3944}.Debug|x64.ActiveCfg = Debug|Any CPU
		{9EA312AB-0639-4310-B960-14BC433C3944}.Debug|x64.Build.0 = Debug|Any CPU
		{9EA312AB-0639-4310-B960-14BC433C3944}.Debug|x86.ActiveCfg = Debug|Any CPU
		{9EA312AB-0639-4310-B960-14BC433C3944}.Debug|x86.Build.0 = Debug|Any CPU
		{9EA312AB-0639-4310-B960-14BC433C3944}.Release|Any CPU.ActiveCfg = Release|Any CPU
		{9EA312AB-0639-4310-B960-14BC433C3944}.Release|Any CPU.Build.0 = Release|Any CPU
		{9EA312AB-0639-4310-B960-14BC433C3944}.Release|ARM.ActiveCfg = Release|Any CPU
		{9EA312AB-0639-4310-B960-14BC433C3944}.Release|ARM.Build.0 = Release|Any CPU
		{9EA312AB-0639-4310-B960-14BC433C3944}.Release|ARM64.ActiveCfg = Release|Any CPU
		{9EA312AB-0639-4310-B960-14BC433C3944}.Release|ARM64.Build.0 = Release|Any CPU
		{9EA312AB-0639-4310-B960-14BC433C3944}.Release|x64.ActiveCfg = Release|x64
		{9EA312AB-0639-4310-B960-14BC433C3944}.Release|x64.Build.0 = Release|x64
		{9EA312AB-0639-4310-B960-14BC433C3944}.Release|x86.ActiveCfg = Release|x86
		{9EA312AB-0639-4310-B960-14BC433C3944}.Release|x86.Build.0 = Release|x86
		{92297D97-4831-4B0E-ADB7-A40FAB4D595C}.Debug|Any CPU.ActiveCfg = Debug|Any CPU
		{92297D97-4831-4B0E-ADB7-A40FAB4D595C}.Debug|Any CPU.Build.0 = Debug|Any CPU
		{92297D97-4831-4B0E-ADB7-A40FAB4D595C}.Debug|Any CPU.Deploy.0 = Debug|Any CPU
		{92297D97-4831-4B0E-ADB7-A40FAB4D595C}.Debug|ARM.ActiveCfg = Debug|ARM
		{92297D97-4831-4B0E-ADB7-A40FAB4D595C}.Debug|ARM.Build.0 = Debug|ARM
		{92297D97-4831-4B0E-ADB7-A40FAB4D595C}.Debug|ARM.Deploy.0 = Debug|ARM
		{92297D97-4831-4B0E-ADB7-A40FAB4D595C}.Debug|ARM64.ActiveCfg = Debug|ARM64
		{92297D97-4831-4B0E-ADB7-A40FAB4D595C}.Debug|ARM64.Build.0 = Debug|ARM64
		{92297D97-4831-4B0E-ADB7-A40FAB4D595C}.Debug|ARM64.Deploy.0 = Debug|ARM64
		{92297D97-4831-4B0E-ADB7-A40FAB4D595C}.Debug|x64.ActiveCfg = Debug|x64
		{92297D97-4831-4B0E-ADB7-A40FAB4D595C}.Debug|x64.Build.0 = Debug|x64
		{92297D97-4831-4B0E-ADB7-A40FAB4D595C}.Debug|x64.Deploy.0 = Debug|x64
		{92297D97-4831-4B0E-ADB7-A40FAB4D595C}.Debug|x86.ActiveCfg = Debug|x86
		{92297D97-4831-4B0E-ADB7-A40FAB4D595C}.Debug|x86.Build.0 = Debug|x86
		{92297D97-4831-4B0E-ADB7-A40FAB4D595C}.Debug|x86.Deploy.0 = Debug|x86
		{92297D97-4831-4B0E-ADB7-A40FAB4D595C}.Release|Any CPU.ActiveCfg = Release|Any CPU
		{92297D97-4831-4B0E-ADB7-A40FAB4D595C}.Release|Any CPU.Build.0 = Release|Any CPU
		{92297D97-4831-4B0E-ADB7-A40FAB4D595C}.Release|Any CPU.Deploy.0 = Release|Any CPU
		{92297D97-4831-4B0E-ADB7-A40FAB4D595C}.Release|ARM.ActiveCfg = Release|ARM
		{92297D97-4831-4B0E-ADB7-A40FAB4D595C}.Release|ARM.Build.0 = Release|ARM
		{92297D97-4831-4B0E-ADB7-A40FAB4D595C}.Release|ARM.Deploy.0 = Release|ARM
		{92297D97-4831-4B0E-ADB7-A40FAB4D595C}.Release|ARM64.ActiveCfg = Release|ARM64
		{92297D97-4831-4B0E-ADB7-A40FAB4D595C}.Release|ARM64.Build.0 = Release|ARM64
		{92297D97-4831-4B0E-ADB7-A40FAB4D595C}.Release|ARM64.Deploy.0 = Release|ARM64
		{92297D97-4831-4B0E-ADB7-A40FAB4D595C}.Release|x64.ActiveCfg = Release|x64
		{92297D97-4831-4B0E-ADB7-A40FAB4D595C}.Release|x64.Build.0 = Release|x64
		{92297D97-4831-4B0E-ADB7-A40FAB4D595C}.Release|x64.Deploy.0 = Release|x64
		{92297D97-4831-4B0E-ADB7-A40FAB4D595C}.Release|x86.ActiveCfg = Release|x86
		{92297D97-4831-4B0E-ADB7-A40FAB4D595C}.Release|x86.Build.0 = Release|x86
		{92297D97-4831-4B0E-ADB7-A40FAB4D595C}.Release|x86.Deploy.0 = Release|x86
		{7F35273B-2F74-4870-B401-153B141C9EA6}.Debug|Any CPU.ActiveCfg = Debug|Any CPU
		{7F35273B-2F74-4870-B401-153B141C9EA6}.Debug|Any CPU.Build.0 = Debug|Any CPU
		{7F35273B-2F74-4870-B401-153B141C9EA6}.Debug|Any CPU.Deploy.0 = Debug|Any CPU
		{7F35273B-2F74-4870-B401-153B141C9EA6}.Debug|ARM.ActiveCfg = Debug|ARM
		{7F35273B-2F74-4870-B401-153B141C9EA6}.Debug|ARM.Build.0 = Debug|ARM
		{7F35273B-2F74-4870-B401-153B141C9EA6}.Debug|ARM.Deploy.0 = Debug|ARM
		{7F35273B-2F74-4870-B401-153B141C9EA6}.Debug|ARM64.ActiveCfg = Debug|ARM64
		{7F35273B-2F74-4870-B401-153B141C9EA6}.Debug|ARM64.Build.0 = Debug|ARM64
		{7F35273B-2F74-4870-B401-153B141C9EA6}.Debug|ARM64.Deploy.0 = Debug|ARM64
		{7F35273B-2F74-4870-B401-153B141C9EA6}.Debug|x64.ActiveCfg = Debug|x64
		{7F35273B-2F74-4870-B401-153B141C9EA6}.Debug|x64.Build.0 = Debug|x64
		{7F35273B-2F74-4870-B401-153B141C9EA6}.Debug|x64.Deploy.0 = Debug|x64
		{7F35273B-2F74-4870-B401-153B141C9EA6}.Debug|x86.ActiveCfg = Debug|x86
		{7F35273B-2F74-4870-B401-153B141C9EA6}.Debug|x86.Build.0 = Debug|x86
		{7F35273B-2F74-4870-B401-153B141C9EA6}.Debug|x86.Deploy.0 = Debug|x86
		{7F35273B-2F74-4870-B401-153B141C9EA6}.Release|Any CPU.ActiveCfg = Release|Any CPU
		{7F35273B-2F74-4870-B401-153B141C9EA6}.Release|Any CPU.Build.0 = Release|Any CPU
		{7F35273B-2F74-4870-B401-153B141C9EA6}.Release|Any CPU.Deploy.0 = Release|Any CPU
		{7F35273B-2F74-4870-B401-153B141C9EA6}.Release|ARM.ActiveCfg = Release|ARM
		{7F35273B-2F74-4870-B401-153B141C9EA6}.Release|ARM.Build.0 = Release|ARM
		{7F35273B-2F74-4870-B401-153B141C9EA6}.Release|ARM.Deploy.0 = Release|ARM
		{7F35273B-2F74-4870-B401-153B141C9EA6}.Release|ARM64.ActiveCfg = Release|ARM64
		{7F35273B-2F74-4870-B401-153B141C9EA6}.Release|ARM64.Build.0 = Release|ARM64
		{7F35273B-2F74-4870-B401-153B141C9EA6}.Release|ARM64.Deploy.0 = Release|ARM64
		{7F35273B-2F74-4870-B401-153B141C9EA6}.Release|x64.ActiveCfg = Release|x64
		{7F35273B-2F74-4870-B401-153B141C9EA6}.Release|x64.Build.0 = Release|x64
		{7F35273B-2F74-4870-B401-153B141C9EA6}.Release|x64.Deploy.0 = Release|x64
		{7F35273B-2F74-4870-B401-153B141C9EA6}.Release|x86.ActiveCfg = Release|x86
		{7F35273B-2F74-4870-B401-153B141C9EA6}.Release|x86.Build.0 = Release|x86
		{7F35273B-2F74-4870-B401-153B141C9EA6}.Release|x86.Deploy.0 = Release|x86
	EndGlobalSection
	GlobalSection(SolutionProperties) = preSolution
		HideSolutionNode = FALSE
	EndGlobalSection
	GlobalSection(ExtensibilityGlobals) = postSolution
		SolutionGuid = {A43569FA-FDFE-4D4E-9028-07A16FB31710}
	EndGlobalSection
EndGlobal
